<?xml version="1.0" encoding="utf-8"?>
<Project ToolsVersion="4.0" xmlns="http://schemas.microsoft.com/developer/msbuild/2003">
  <ItemGroup>
    <ClCompile Include="Field.cpp">
      <Filter>Map</Filter>
    </ClCompile>
    <ClCompile Include="Map.cpp">
      <Filter>Map</Filter>
    </ClCompile>
    <ClCompile Include="Room.cpp">
      <Filter>Map</Filter>
    </ClCompile>
    <ClCompile Include="Unit.cpp">
      <Filter>Unit</Filter>
    </ClCompile>
    <ClCompile Include="Player.cpp">
      <Filter>Unit</Filter>
    </ClCompile>
    <ClCompile Include="SpriteAnimation.cpp">
      <Filter>Interface\Textures</Filter>
    </ClCompile>
    <ClCompile Include="UnitAction.cpp">
      <Filter>Combat</Filter>
    </ClCompile>
    <ClCompile Include="Movements.cpp">
      <Filter>Combat</Filter>
    </ClCompile>
    <ClCompile Include="GameObject.cpp">
      <Filter>Objects</Filter>
    </ClCompile>
    <ClCompile Include="UpdateCollision.cpp">
      <Filter>Objects</Filter>
    </ClCompile>
    <ClCompile Include="Teleporter.cpp">
      <Filter>Objects</Filter>
    </ClCompile>
    <ClCompile Include="InteractiveObject.cpp">
      <Filter>Objects</Filter>
    </ClCompile>
    <ClCompile Include="Chest.cpp">
      <Filter>Objects</Filter>
    </ClCompile>
    <ClCompile Include="Money.cpp">
      <Filter>Objects</Filter>
    </ClCompile>
    <ClCompile Include="Inventory.cpp">
      <Filter>Items</Filter>
    </ClCompile>
    <ClCompile Include="Item.cpp">
      <Filter>Items</Filter>
    </ClCompile>
    <ClCompile Include="ActionsManager.cpp">
      <Filter>Combat</Filter>
    </ClCompile>
    <ClCompile Include="Game.cpp">
      <Filter>Game</Filter>
    </ClCompile>
    <ClCompile Include="Input.cpp">
      <Filter>Game</Filter>
    </ClCompile>
    <ClCompile Include="main.cpp">
      <Filter>Game</Filter>
    </ClCompile>
    <ClCompile Include="DataBase.cpp">
      <Filter>Game</Filter>
    </ClCompile>
    <ClCompile Include="TextureManager.cpp">
      <Filter>Interface\Textures</Filter>
    </ClCompile>
    <ClCompile Include="Projectile.cpp">
      <Filter>Combat\Attacks</Filter>
    </ClCompile>
    <ClCompile Include="AttackType.cpp">
      <Filter>Combat\Attacks</Filter>
    </ClCompile>
    <ClCompile Include="MeleeSwing.cpp">
      <Filter>Combat\Attacks</Filter>
    </ClCompile>
    <ClCompile Include="Attacks.cpp">
      <Filter>Combat\Attacks</Filter>
    </ClCompile>
    <ClCompile Include="MapCore.cpp">
      <Filter>Map</Filter>
    </ClCompile>
    <ClCompile Include="EndScreen.cpp">
      <Filter>Screens</Filter>
    </ClCompile>
    <ClCompile Include="Button.cpp">
      <Filter>Screens</Filter>
    </ClCompile>
    <ClCompile Include="ScreensManager.cpp">
      <Filter>Screens</Filter>
    </ClCompile>
    <ClCompile Include="Screen.cpp">
      <Filter>Screens</Filter>
    </ClCompile>
    <ClCompile Include="Buff.cpp">
      <Filter>Passives</Filter>
    </ClCompile>
    <ClCompile Include="BuffsManager.cpp">
      <Filter>Passives</Filter>
    </ClCompile>
    <ClCompile Include="PassivesManager.cpp">
      <Filter>Passives</Filter>
    </ClCompile>
    <ClCompile Include="Passive.cpp">
      <Filter>Passives</Filter>
    </ClCompile>
    <ClCompile Include="Settings.cpp">
      <Filter>Game</Filter>
    </ClCompile>
    <ClCompile Include="HealthBar.cpp">
      <Filter>Interface</Filter>
    </ClCompile>
    <ClCompile Include="CombatText.cpp">
      <Filter>Interface</Filter>
    </ClCompile>
    <ClCompile Include="CombatTextManager.cpp">
      <Filter>Interface</Filter>
    </ClCompile>
    <ClCompile Include="LevelGenerator.cpp">
      <Filter>Map\Generator</Filter>
    </ClCompile>
    <ClCompile Include="WallsGenerator.cpp">
      <Filter>Map\Generator</Filter>
    </ClCompile>
    <ClCompile Include="ProjectileEffects.cpp">
      <Filter>Combat\Attacks</Filter>
    </ClCompile>
    <ClCompile Include="ActionUtilities.cpp">
      <Filter>Combat</Filter>
    </ClCompile>
  </ItemGroup>
  <ItemGroup>
    <ClInclude Include="Field.h">
      <Filter>Map</Filter>
    </ClInclude>
    <ClInclude Include="Map.h">
      <Filter>Map</Filter>
    </ClInclude>
    <ClInclude Include="Room.h">
      <Filter>Map</Filter>
    </ClInclude>
    <ClInclude Include="Unit.h">
      <Filter>Unit</Filter>
    </ClInclude>
    <ClInclude Include="Player.h">
      <Filter>Unit</Filter>
    </ClInclude>
    <ClInclude Include="SpriteAnimation.h">
      <Filter>Interface\Textures</Filter>
    </ClInclude>
    <ClInclude Include="UnitAction.h">
      <Filter>Combat</Filter>
    </ClInclude>
    <ClInclude Include="Monsters.h">
      <Filter>Unit</Filter>
    </ClInclude>
    <ClInclude Include="Movements.h">
      <Filter>Combat</Filter>
    </ClInclude>
    <ClInclude Include="GameObject.h">
      <Filter>Objects</Filter>
    </ClInclude>
    <ClInclude Include="UpdateCollision.h">
      <Filter>Objects</Filter>
    </ClInclude>
    <ClInclude Include="Teleporter.h">
      <Filter>Objects</Filter>
    </ClInclude>
    <ClInclude Include="InteractiveObject.h">
      <Filter>Objects</Filter>
    </ClInclude>
    <ClInclude Include="Chest.h">
      <Filter>Objects</Filter>
    </ClInclude>
    <ClInclude Include="Money.h">
      <Filter>Objects</Filter>
    </ClInclude>
    <ClInclude Include="Inventory.h">
      <Filter>Items</Filter>
    </ClInclude>
    <ClInclude Include="Item.h">
      <Filter>Items</Filter>
    </ClInclude>
    <ClInclude Include="ActionsManager.h">
      <Filter>Combat</Filter>
    </ClInclude>
    <ClInclude Include="Input.h">
      <Filter>Game</Filter>
    </ClInclude>
    <ClInclude Include="DataBase.h">
      <Filter>Game</Filter>
    </ClInclude>
    <ClInclude Include="TextureManager.h">
      <Filter>Interface\Textures</Filter>
    </ClInclude>
    <ClInclude Include="Projectile.h">
      <Filter>Combat\Attacks</Filter>
    </ClInclude>
    <ClInclude Include="AttackType.h">
      <Filter>Combat\Attacks</Filter>
    </ClInclude>
    <ClInclude Include="MeleeSwing.h">
      <Filter>Combat\Attacks</Filter>
    </ClInclude>
    <ClInclude Include="Game.h">
      <Filter>Game</Filter>
    </ClInclude>
    <ClInclude Include="Attacks.h">
      <Filter>Combat\Attacks</Filter>
    </ClInclude>
    <ClInclude Include="MapCore.h">
      <Filter>Map</Filter>
    </ClInclude>
    <ClInclude Include="EndScreen.h">
      <Filter>Screens</Filter>
    </ClInclude>
    <ClInclude Include="Button.h">
      <Filter>Screens</Filter>
    </ClInclude>
    <ClInclude Include="ScreensManager.h">
      <Filter>Screens</Filter>
    </ClInclude>
    <ClInclude Include="Screen.h">
      <Filter>Screens</Filter>
    </ClInclude>
    <ClInclude Include="Buff.h">
      <Filter>Passives</Filter>
    </ClInclude>
    <ClInclude Include="BuffsManager.h">
      <Filter>Passives</Filter>
    </ClInclude>
    <ClInclude Include="PassivesManager.h">
      <Filter>Passives</Filter>
    </ClInclude>
    <ClInclude Include="Passive.h">
      <Filter>Passives</Filter>
    </ClInclude>
    <ClInclude Include="Settings.h">
      <Filter>Game</Filter>
    </ClInclude>
    <ClInclude Include="HealthBar.h">
      <Filter>Interface</Filter>
    </ClInclude>
    <ClInclude Include="CombatText.h">
      <Filter>Interface</Filter>
    </ClInclude>
    <ClInclude Include="CombatTextManager.h">
      <Filter>Interface</Filter>
    </ClInclude>
    <ClInclude Include="myMath.h">
      <Filter>Game</Filter>
    </ClInclude>
    <ClInclude Include="WallsGenerator.h">
      <Filter>Map\Generator</Filter>
    </ClInclude>
    <ClInclude Include="LevelGenerator.h">
      <Filter>Map\Generator</Filter>
    </ClInclude>
    <ClInclude Include="ProjectileEffects.h">
      <Filter>Combat\Attacks</Filter>
    </ClInclude>
    <ClInclude Include="ActionUtilities.h">
      <Filter>Combat</Filter>
    </ClInclude>
  </ItemGroup>
  <ItemGroup>
    <Filter Include="Map">
      <UniqueIdentifier>{02228ff1-c577-4a3c-b4c5-6e7e108269d2}</UniqueIdentifier>
    </Filter>
    <Filter Include="Unit">
      <UniqueIdentifier>{a0701841-36c5-476a-a0c2-88862fba92ed}</UniqueIdentifier>
    </Filter>
    <Filter Include="Combat">
      <UniqueIdentifier>{47714e46-156d-47b7-84a4-9fea32020901}</UniqueIdentifier>
    </Filter>
    <Filter Include="Objects">
      <UniqueIdentifier>{ae9024cc-89de-4f35-9664-85a3a951538f}</UniqueIdentifier>
    </Filter>
    <Filter Include="Items">
      <UniqueIdentifier>{d4d20c2a-7d69-4ed5-98a8-a03b2939703e}</UniqueIdentifier>
    </Filter>
    <Filter Include="Game">
      <UniqueIdentifier>{d65d5a93-d5e0-4f9d-8344-edceff030301}</UniqueIdentifier>
    </Filter>
    <Filter Include="Combat\Attacks">
      <UniqueIdentifier>{129975d5-b532-4508-8a17-2b7e9a8b4d39}</UniqueIdentifier>
    </Filter>
    <Filter Include="Screens">
      <UniqueIdentifier>{df391f99-f516-445f-bba7-03b7b4440541}</UniqueIdentifier>
    </Filter>
    <Filter Include="Passives">
      <UniqueIdentifier>{e256cdd3-3f0e-428a-a309-8836fd8b960e}</UniqueIdentifier>
    </Filter>
    <Filter Include="Interface">
      <UniqueIdentifier>{dafebd68-ddb4-42bc-b330-01f388eec6bd}</UniqueIdentifier>
    </Filter>
    <Filter Include="Interface\Textures">
      <UniqueIdentifier>{410b34ce-d4cb-443b-83d1-d44225611aaf}</UniqueIdentifier>
    </Filter>
    <Filter Include="Map\Generator">
      <UniqueIdentifier>{b2eb9634-2659-4d87-b4d8-1ceb7eb21623}</UniqueIdentifier>
    </Filter>
  </ItemGroup>
  <ItemGroup>
    <Text Include="toDo.txt" />
  </ItemGroup>
</Project>