<?xml version="1.0" encoding="utf-8"?>
<Project ToolsVersion="4.0" xmlns="http://schemas.microsoft.com/developer/msbuild/2003">
  <ItemGroup>
    <ClCompile Include="Game.cpp" />
    <ClCompile Include="main.cpp" />
    <ClCompile Include="Field.cpp">
      <Filter>Map</Filter>
    </ClCompile>
    <ClCompile Include="Map.cpp">
      <Filter>Map</Filter>
    </ClCompile>
    <ClCompile Include="RenderMap.cpp">
      <Filter>Map</Filter>
    </ClCompile>
    <ClCompile Include="Room.cpp">
      <Filter>Map</Filter>
    </ClCompile>
    <ClCompile Include="Unit.cpp">
      <Filter>Unit</Filter>
    </ClCompile>
    <ClCompile Include="Player.cpp">
      <Filter>Unit</Filter>
    </ClCompile>
    <ClCompile Include="SpriteAnimation.cpp">
      <Filter>Textures</Filter>
    </ClCompile>
    <ClCompile Include="Animation.cpp">
      <Filter>Textures</Filter>
    </ClCompile>
    <ClCompile Include="TextureManager.cpp">
      <Filter>Textures</Filter>
    </ClCompile>
    <ClCompile Include="UnitAction.cpp">
      <Filter>Combat</Filter>
    </ClCompile>
    <ClCompile Include="Attacks.cpp">
      <Filter>Combat</Filter>
    </ClCompile>
    <ClCompile Include="Movements.cpp">
      <Filter>Combat</Filter>
    </ClCompile>
    <ClCompile Include="Projectile.cpp">
      <Filter>Combat</Filter>
    </ClCompile>
    <ClCompile Include="GameObject.cpp">
      <Filter>Objects</Filter>
    </ClCompile>
    <ClCompile Include="UpdateCollision.cpp">
      <Filter>Objects</Filter>
    </ClCompile>
    <ClCompile Include="Teleporter.cpp">
      <Filter>Objects</Filter>
    </ClCompile>
    <ClCompile Include="InteractiveObject.cpp">
      <Filter>Objects</Filter>
    </ClCompile>
    <ClCompile Include="Chest.cpp">
      <Filter>Objects</Filter>
    </ClCompile>
    <ClCompile Include="Money.cpp">
      <Filter>Objects</Filter>
    </ClCompile>
  </ItemGroup>
  <ItemGroup>
    <ClInclude Include="Game.h" />
    <ClInclude Include="Field.h">
      <Filter>Map</Filter>
    </ClInclude>
    <ClInclude Include="Map.h">
      <Filter>Map</Filter>
    </ClInclude>
    <ClInclude Include="RenderMap.h">
      <Filter>Map</Filter>
    </ClInclude>
    <ClInclude Include="Room.h">
      <Filter>Map</Filter>
    </ClInclude>
    <ClInclude Include="Animation.h">
      <Filter>Textures</Filter>
    </ClInclude>
    <ClInclude Include="Unit.h">
      <Filter>Unit</Filter>
    </ClInclude>
    <ClInclude Include="Player.h">
      <Filter>Unit</Filter>
    </ClInclude>
    <ClInclude Include="SpriteAnimation.h">
      <Filter>Textures</Filter>
    </ClInclude>
    <ClInclude Include="TextureManager.h">
      <Filter>Textures</Filter>
    </ClInclude>
    <ClInclude Include="UnitAction.h">
      <Filter>Combat</Filter>
    </ClInclude>
    <ClInclude Include="Projectile.h">
      <Filter>Combat</Filter>
    </ClInclude>
    <ClInclude Include="Attacks.h">
      <Filter>Combat</Filter>
    </ClInclude>
    <ClInclude Include="Monsters.h">
      <Filter>Unit</Filter>
    </ClInclude>
    <ClInclude Include="Movements.h">
      <Filter>Combat</Filter>
    </ClInclude>
    <ClInclude Include="GameObject.h">
      <Filter>Objects</Filter>
    </ClInclude>
    <ClInclude Include="UpdateCollision.h">
      <Filter>Objects</Filter>
    </ClInclude>
    <ClInclude Include="Teleporter.h">
      <Filter>Objects</Filter>
    </ClInclude>
    <ClInclude Include="InteractiveObject.h">
      <Filter>Objects</Filter>
    </ClInclude>
    <ClInclude Include="Chest.h">
      <Filter>Objects</Filter>
    </ClInclude>
    <ClInclude Include="Money.h">
      <Filter>Objects</Filter>
    </ClInclude>
  </ItemGroup>
  <ItemGroup>
    <Filter Include="Map">
      <UniqueIdentifier>{02228ff1-c577-4a3c-b4c5-6e7e108269d2}</UniqueIdentifier>
    </Filter>
    <Filter Include="Textures">
      <UniqueIdentifier>{410b34ce-d4cb-443b-83d1-d44225611aaf}</UniqueIdentifier>
    </Filter>
    <Filter Include="Unit">
      <UniqueIdentifier>{a0701841-36c5-476a-a0c2-88862fba92ed}</UniqueIdentifier>
    </Filter>
    <Filter Include="Combat">
      <UniqueIdentifier>{47714e46-156d-47b7-84a4-9fea32020901}</UniqueIdentifier>
    </Filter>
    <Filter Include="Objects">
      <UniqueIdentifier>{ae9024cc-89de-4f35-9664-85a3a951538f}</UniqueIdentifier>
    </Filter>
  </ItemGroup>
</Project>